{
  "version": 4,
  "terraform_version": "1.0.10",
  "serial": 108,
  "lineage": "1103c29b-f57f-e309-cb54-dc5759fd83f1",
  "outputs": {},
  "resources": [
    {
      "mode": "managed",
      "type": "aws_s3_bucket",
      "name": "index_routing_handler_lambda_artifact",
      "provider": "provider[\"registry.terraform.io/hashicorp/aws\"]",
      "instances": [
        {
          "schema_version": 0,
          "attributes": {
            "acceleration_status": "",
            "acl": "private",
            "arn": "arn:aws:s3:::index-routing-handler-lambda-artifact",
            "bucket": "index-routing-handler-lambda-artifact",
            "bucket_domain_name": "index-routing-handler-lambda-artifact.s3.amazonaws.com",
            "bucket_prefix": null,
            "bucket_regional_domain_name": "index-routing-handler-lambda-artifact.s3.amazonaws.com",
            "cors_rule": [],
            "force_destroy": false,
            "grant": [],
            "hosted_zone_id": "Z3AQBSTGFYJSTF",
            "id": "index-routing-handler-lambda-artifact",
            "lifecycle_rule": [],
            "logging": [],
            "object_lock_configuration": [],
            "policy": null,
            "region": "us-east-1",
            "replication_configuration": [],
            "request_payer": "BucketOwner",
            "server_side_encryption_configuration": [],
            "tags": {
              "Name": "cloudfront index routing handler lambda function artifact"
            },
            "tags_all": {
              "Name": "cloudfront index routing handler lambda function artifact"
            },
            "versioning": [
              {
                "enabled": false,
                "mfa_delete": false
              }
            ],
            "website": [],
            "website_domain": null,
            "website_endpoint": null
          },
          "sensitive_attributes": [],
          "private": "bnVsbA=="
        }
      ]
    },
    {
      "module": "module.index_routing_handler_at_edge",
      "mode": "data",
      "type": "archive_file",
      "name": "zip_file_for_lambda",
      "provider": "provider[\"registry.terraform.io/hashicorp/archive\"]",
      "instances": [
        {
          "schema_version": 0,
          "attributes": {
            "excludes": null,
            "id": "55e3e3b860f84c157ddc6492b2f4139d4bdaf44c",
            "output_base64sha256": "4lP6yXeuUw1jLPTcsU3M8FzcqNHl27zR8Hc/qw4svA8=",
            "output_file_mode": null,
            "output_md5": "45a4b4ea5c104d8947eff19e311bd439",
            "output_path": "./index-routing-handler.zip",
            "output_sha": "55e3e3b860f84c157ddc6492b2f4139d4bdaf44c",
            "output_size": 514,
            "source": [
              {
                "content": "'use strict';\nexports.handler = (event, context, callback) =\u003e {\n    // Extract the request from the CloudFront event that is sent to Lambda@Edge\n    var request = event.Records[0].cf.request;\n\n    // Extract the URI from the request\n    var olduri = request.uri;\n\n    // Match any '/' that occurs at the end of a URI. Replace it with a default index\n    var newuri = olduri.replace(/\\/$/, '\\/index.html');\n\n    // Log the URI as received by CloudFront and the new URI to be used to fetch from origin\n    console.log(\"Old URI: \" + olduri);\n    console.log(\"New URI: \" + newuri);\n\n    // Replace the received URI with the URI that includes the index page\n    request.uri = newuri;\n\n    // Return to CloudFront\n    return callback(null, request);\n};",
                "filename": "index.js"
              }
            ],
            "source_content": null,
            "source_content_filename": null,
            "source_dir": null,
            "source_file": null,
            "type": "zip"
          },
          "sensitive_attributes": []
        }
      ]
    },
    {
      "module": "module.index_routing_handler_at_edge",
      "mode": "data",
      "type": "aws_iam_policy_document",
      "name": "assume_role_policy_doc",
      "provider": "provider[\"registry.terraform.io/hashicorp/aws\"]",
      "instances": [
        {
          "schema_version": 0,
          "attributes": {
            "id": "3716027628",
            "json": "{\n  \"Version\": \"2012-10-17\",\n  \"Statement\": [\n    {\n      \"Sid\": \"AllowAwsToAssumeRole\",\n      \"Effect\": \"Allow\",\n      \"Action\": \"sts:AssumeRole\",\n      \"Principal\": {\n        \"Service\": [\n          \"lambda.amazonaws.com\",\n          \"edgelambda.amazonaws.com\"\n        ]\n      }\n    }\n  ]\n}",
            "override_json": null,
            "override_policy_documents": null,
            "policy_id": null,
            "source_json": null,
            "source_policy_documents": null,
            "statement": [
              {
                "actions": [
                  "sts:AssumeRole"
                ],
                "condition": [],
                "effect": "Allow",
                "not_actions": [],
                "not_principals": [],
                "not_resources": [],
                "principals": [
                  {
                    "identifiers": [
                      "edgelambda.amazonaws.com",
                      "lambda.amazonaws.com"
                    ],
                    "type": "Service"
                  }
                ],
                "resources": [],
                "sid": "AllowAwsToAssumeRole"
              }
            ],
            "version": "2012-10-17"
          },
          "sensitive_attributes": []
        }
      ]
    },
    {
      "module": "module.index_routing_handler_at_edge",
      "mode": "data",
      "type": "aws_iam_policy_document",
      "name": "lambda_logs_policy_doc",
      "provider": "provider[\"registry.terraform.io/hashicorp/aws\"]",
      "instances": [
        {
          "schema_version": 0,
          "attributes": {
            "id": "3753775209",
            "json": "{\n  \"Version\": \"2012-10-17\",\n  \"Statement\": [\n    {\n      \"Sid\": \"\",\n      \"Effect\": \"Allow\",\n      \"Action\": [\n        \"logs:PutLogEvents\",\n        \"logs:CreateLogStream\",\n        \"logs:CreateLogGroup\"\n      ],\n      \"Resource\": \"*\"\n    }\n  ]\n}",
            "override_json": null,
            "override_policy_documents": null,
            "policy_id": null,
            "source_json": null,
            "source_policy_documents": null,
            "statement": [
              {
                "actions": [
                  "logs:CreateLogGroup",
                  "logs:CreateLogStream",
                  "logs:PutLogEvents"
                ],
                "condition": [],
                "effect": "Allow",
                "not_actions": [],
                "not_principals": [],
                "not_resources": [],
                "principals": [],
                "resources": [
                  "*"
                ],
                "sid": ""
              }
            ],
            "version": "2012-10-17"
          },
          "sensitive_attributes": []
        }
      ]
    },
    {
      "module": "module.index_routing_handler_at_edge",
      "mode": "managed",
      "type": "aws_cloudwatch_log_group",
      "name": "log_group",
      "provider": "provider[\"registry.terraform.io/hashicorp/aws\"]",
      "instances": [
        {
          "schema_version": 0,
          "attributes": {
            "arn": "arn:aws:logs:us-east-1:883979811993:log-group:/aws/lambda/index-routing-handler",
            "id": "/aws/lambda/index-routing-handler",
            "kms_key_id": "",
            "name": "/aws/lambda/index-routing-handler",
            "name_prefix": null,
            "retention_in_days": 0,
            "tags": {},
            "tags_all": {}
          },
          "sensitive_attributes": [],
          "private": "bnVsbA=="
        }
      ]
    },
    {
      "module": "module.index_routing_handler_at_edge",
      "mode": "managed",
      "type": "aws_iam_role",
      "name": "lambda_at_edge",
      "provider": "provider[\"registry.terraform.io/hashicorp/aws\"]",
      "instances": [
        {
          "schema_version": 0,
          "attributes": {
            "arn": "arn:aws:iam::883979811993:role/index-routing-handler-role",
            "assume_role_policy": "{\"Version\":\"2012-10-17\",\"Statement\":[{\"Sid\":\"AllowAwsToAssumeRole\",\"Effect\":\"Allow\",\"Principal\":{\"Service\":[\"edgelambda.amazonaws.com\",\"lambda.amazonaws.com\"]},\"Action\":\"sts:AssumeRole\"}]}",
            "create_date": "2022-02-12T05:42:32Z",
            "description": "",
            "force_detach_policies": false,
            "id": "index-routing-handler-role",
            "inline_policy": [
              {
                "name": "index-routing-handlerat-edge",
                "policy": "{\n  \"Version\": \"2012-10-17\",\n  \"Statement\": [\n    {\n      \"Sid\": \"\",\n      \"Effect\": \"Allow\",\n      \"Action\": [\n        \"logs:PutLogEvents\",\n        \"logs:CreateLogStream\",\n        \"logs:CreateLogGroup\"\n      ],\n      \"Resource\": \"*\"\n    }\n  ]\n}"
              }
            ],
            "managed_policy_arns": [],
            "max_session_duration": 3600,
            "name": "index-routing-handler-role",
            "name_prefix": "",
            "path": "/",
            "permissions_boundary": null,
            "tags": {},
            "tags_all": {},
            "unique_id": "AROA43UKNPSMS5OOV2BCU"
          },
          "sensitive_attributes": [],
          "private": "bnVsbA==",
          "dependencies": [
            "module.index_routing_handler_at_edge.data.aws_iam_policy_document.assume_role_policy_doc"
          ]
        }
      ]
    },
    {
      "module": "module.index_routing_handler_at_edge",
      "mode": "managed",
      "type": "aws_iam_role_policy",
      "name": "logs_role_policy",
      "provider": "provider[\"registry.terraform.io/hashicorp/aws\"]",
      "instances": [
        {
          "schema_version": 0,
          "attributes": {
            "id": "index-routing-handler-role:index-routing-handlerat-edge",
            "name": "index-routing-handlerat-edge",
            "name_prefix": null,
            "policy": "{\n  \"Version\": \"2012-10-17\",\n  \"Statement\": [\n    {\n      \"Sid\": \"\",\n      \"Effect\": \"Allow\",\n      \"Action\": [\n        \"logs:PutLogEvents\",\n        \"logs:CreateLogStream\",\n        \"logs:CreateLogGroup\"\n      ],\n      \"Resource\": \"*\"\n    }\n  ]\n}",
            "role": "index-routing-handler-role"
          },
          "sensitive_attributes": [],
          "private": "bnVsbA==",
          "dependencies": [
            "module.index_routing_handler_at_edge.data.aws_iam_policy_document.assume_role_policy_doc",
            "module.index_routing_handler_at_edge.data.aws_iam_policy_document.lambda_logs_policy_doc",
            "module.index_routing_handler_at_edge.aws_iam_role.lambda_at_edge"
          ]
        }
      ]
    },
    {
      "module": "module.index_routing_handler_at_edge",
      "mode": "managed",
      "type": "aws_lambda_function",
      "name": "lambda",
      "provider": "provider[\"registry.terraform.io/hashicorp/aws\"]",
      "instances": [
        {
          "schema_version": 0,
          "attributes": {
            "architectures": [
              "x86_64"
            ],
            "arn": "arn:aws:lambda:us-east-1:883979811993:function:index-routing-handler",
            "code_signing_config_arn": "",
            "dead_letter_config": [],
            "description": "Cloudformation index.html request handling",
            "environment": [],
            "file_system_config": [],
            "filename": null,
            "function_name": "index-routing-handler",
            "handler": "index.handler",
            "id": "index-routing-handler",
            "image_config": [],
            "image_uri": "",
            "invoke_arn": "arn:aws:apigateway:us-east-1:lambda:path/2015-03-31/functions/arn:aws:lambda:us-east-1:883979811993:function:index-routing-handler/invocations",
            "kms_key_arn": "",
            "last_modified": "2022-02-12T05:54:33.423+0000",
            "layers": [],
            "memory_size": 128,
            "package_type": "Zip",
            "publish": true,
            "qualified_arn": "arn:aws:lambda:us-east-1:883979811993:function:index-routing-handler:1",
            "reserved_concurrent_executions": -1,
            "role": "arn:aws:iam::883979811993:role/index-routing-handler-role",
            "runtime": "nodejs14.x",
            "s3_bucket": "index-routing-handler-lambda-artifact",
            "s3_key": "index-routing-handler.zip",
            "s3_object_version": "",
            "signing_job_arn": "",
            "signing_profile_version_arn": "",
            "source_code_hash": "4lP6yXeuUw1jLPTcsU3M8FzcqNHl27zR8Hc/qw4svA8=",
            "source_code_size": 514,
            "tags": {},
            "tags_all": {},
            "timeout": 3,
            "timeouts": null,
            "tracing_config": [
              {
                "mode": "PassThrough"
              }
            ],
            "version": "1",
            "vpc_config": []
          },
          "sensitive_attributes": [],
          "private": "eyJlMmJmYjczMC1lY2FhLTExZTYtOGY4OC0zNDM2M2JjN2M0YzAiOnsiY3JlYXRlIjo2MDAwMDAwMDAwMDB9fQ==",
          "dependencies": [
            "aws_s3_bucket.index_routing_handler_lambda_artifact",
            "module.index_routing_handler_at_edge.aws_iam_role.lambda_at_edge",
            "module.index_routing_handler_at_edge.aws_s3_bucket_object.artifact",
            "module.index_routing_handler_at_edge.data.archive_file.zip_file_for_lambda",
            "module.index_routing_handler_at_edge.data.aws_iam_policy_document.assume_role_policy_doc"
          ]
        }
      ]
    },
    {
      "module": "module.index_routing_handler_at_edge",
      "mode": "managed",
      "type": "aws_s3_bucket_object",
      "name": "artifact",
      "provider": "provider[\"registry.terraform.io/hashicorp/aws\"]",
      "instances": [
        {
          "schema_version": 0,
          "attributes": {
            "acl": "private",
            "bucket": "index-routing-handler-lambda-artifact",
            "bucket_key_enabled": false,
            "cache_control": "",
            "content": null,
            "content_base64": null,
            "content_disposition": "",
            "content_encoding": "",
            "content_language": "",
            "content_type": "binary/octet-stream",
            "etag": "45a4b4ea5c104d8947eff19e311bd439",
            "force_destroy": false,
            "id": "index-routing-handler.zip",
            "key": "index-routing-handler.zip",
            "kms_key_id": null,
            "metadata": {},
            "object_lock_legal_hold_status": "",
            "object_lock_mode": "",
            "object_lock_retain_until_date": "",
            "server_side_encryption": "",
            "source": "./index-routing-handler.zip",
            "source_hash": null,
            "storage_class": "STANDARD",
            "tags": {},
            "tags_all": {},
            "version_id": "",
            "website_redirect": ""
          },
          "sensitive_attributes": [],
          "private": "bnVsbA==",
          "dependencies": [
            "aws_s3_bucket.index_routing_handler_lambda_artifact",
            "module.index_routing_handler_at_edge.data.archive_file.zip_file_for_lambda"
          ]
        }
      ]
    }
  ]
}
